
Microsoft Visual Studio Solution File, Format Version 12.00
Project("{FAE04EC0-301F-11D3-BF4B-00C04F79EFBC}") = "NOMW", "NOMW\NOMW.csproj", "{CC1CF3F8-8D77-4109-8D69-39F2A5DF1052}"
EndProject
Global
	GlobalSection(SolutionConfigurationPlatforms) = preSolution
		Debug|Any CPU = Debug|Any CPU
		Release|Any CPU = Release|Any CPU
	EndGlobalSection
	GlobalSection(ProjectConfigurationPlatforms) = postSolution
		{CC1CF3F8-8D77-4109-8D69-39F2A5DF1052}.Debug|Any CPU.ActiveCfg = Debug|Any CPU
		{CC1CF3F8-8D77-4109-8D69-39F2A5DF1052}.Debug|Any CPU.Build.0 = Debug|Any CPU
		{CC1CF3F8-8D77-4109-8D69-39F2A5DF1052}.Release|Any CPU.ActiveCfg = Release|Any CPU
		{CC1CF3F8-8D77-4109-8D69-39F2A5DF1052}.Release|Any CPU.Build.0 = Release|Any CPU
	EndGlobalSection
EndGlobal
